
Microsoft Visual Studio Solution File, Format Version 12.00
# Visual Studio 15
VisualStudioVersion = 15.0.26403.7
MinimumVisualStudioVersion = 10.0.40219.1
Project("{FAE04EC0-301F-11D3-BF4B-00C04F79EFBC}") = "Aula0208_POO", "Aula0208_POO\Aula0208_POO.csproj", "{E4505FA3-AB5A-474A-8630-B015A1441F13}"
EndProject
Project("{FAE04EC0-301F-11D3-BF4B-00C04F79EFBC}") = "Aula0708_WPF", "Aula0708_WPF\Aula0708_WPF.csproj", "{8E6D2E95-F13F-4A68-B94F-E29A32F51C11}"
EndProject
Project("{FAE04EC0-301F-11D3-BF4B-00C04F79EFBC}") = "Aula1408_EntityFramework", "Aula1408_EntityFramework\Aula1408_EntityFramework.csproj", "{371E2337-A91C-4245-8CC2-BEBA0225C6E3}"
EndProject
Project("{FAE04EC0-301F-11D3-BF4B-00C04F79EFBC}") = "Aula1608_EFDatabaseFirst", "Aula1608_EFDatabaseFirst\Aula1608_EFDatabaseFirst.csproj", "{8F0129BB-33E8-41A5-BDB8-B350328985FD}"
EndProject
Project("{FAE04EC0-301F-11D3-BF4B-00C04F79EFBC}") = "Aula2108_CodeFirst", "Aula2108_CodeFirst\Aula2108_CodeFirst.csproj", "{E6E04E3A-9F7B-4B07-B5B4-8EFB3F21855C}"
EndProject
Project("{FAE04EC0-301F-11D3-BF4B-00C04F79EFBC}") = "Aula2808_WPF", "Aula2808_WPF\Aula2808_WPF.csproj", "{8AC8AA5B-779B-4965-80B0-EE756C907F90}"
EndProject
Global
	GlobalSection(SolutionConfigurationPlatforms) = preSolution
		Debug|Any CPU = Debug|Any CPU
		Release|Any CPU = Release|Any CPU
	EndGlobalSection
	GlobalSection(ProjectConfigurationPlatforms) = postSolution
		{E4505FA3-AB5A-474A-8630-B015A1441F13}.Debug|Any CPU.ActiveCfg = Debug|Any CPU
		{E4505FA3-AB5A-474A-8630-B015A1441F13}.Debug|Any CPU.Build.0 = Debug|Any CPU
		{E4505FA3-AB5A-474A-8630-B015A1441F13}.Release|Any CPU.ActiveCfg = Release|Any CPU
		{E4505FA3-AB5A-474A-8630-B015A1441F13}.Release|Any CPU.Build.0 = Release|Any CPU
		{8E6D2E95-F13F-4A68-B94F-E29A32F51C11}.Debug|Any CPU.ActiveCfg = Debug|Any CPU
		{8E6D2E95-F13F-4A68-B94F-E29A32F51C11}.Debug|Any CPU.Build.0 = Debug|Any CPU
		{8E6D2E95-F13F-4A68-B94F-E29A32F51C11}.Release|Any CPU.ActiveCfg = Release|Any CPU
		{8E6D2E95-F13F-4A68-B94F-E29A32F51C11}.Release|Any CPU.Build.0 = Release|Any CPU
		{371E2337-A91C-4245-8CC2-BEBA0225C6E3}.Debug|Any CPU.ActiveCfg = Debug|Any CPU
		{371E2337-A91C-4245-8CC2-BEBA0225C6E3}.Debug|Any CPU.Build.0 = Debug|Any CPU
		{371E2337-A91C-4245-8CC2-BEBA0225C6E3}.Release|Any CPU.ActiveCfg = Release|Any CPU
		{371E2337-A91C-4245-8CC2-BEBA0225C6E3}.Release|Any CPU.Build.0 = Release|Any CPU
		{8F0129BB-33E8-41A5-BDB8-B350328985FD}.Debug|Any CPU.ActiveCfg = Debug|Any CPU
		{8F0129BB-33E8-41A5-BDB8-B350328985FD}.Debug|Any CPU.Build.0 = Debug|Any CPU
		{8F0129BB-33E8-41A5-BDB8-B350328985FD}.Release|Any CPU.ActiveCfg = Release|Any CPU
		{8F0129BB-33E8-41A5-BDB8-B350328985FD}.Release|Any CPU.Build.0 = Release|Any CPU
		{E6E04E3A-9F7B-4B07-B5B4-8EFB3F21855C}.Debug|Any CPU.ActiveCfg = Debug|Any CPU
		{E6E04E3A-9F7B-4B07-B5B4-8EFB3F21855C}.Debug|Any CPU.Build.0 = Debug|Any CPU
		{E6E04E3A-9F7B-4B07-B5B4-8EFB3F21855C}.Release|Any CPU.ActiveCfg = Release|Any CPU
		{E6E04E3A-9F7B-4B07-B5B4-8EFB3F21855C}.Release|Any CPU.Build.0 = Release|Any CPU
		{8AC8AA5B-779B-4965-80B0-EE756C907F90}.Debug|Any CPU.ActiveCfg = Debug|Any CPU
		{8AC8AA5B-779B-4965-80B0-EE756C907F90}.Debug|Any CPU.Build.0 = Debug|Any CPU
		{8AC8AA5B-779B-4965-80B0-EE756C907F90}.Release|Any CPU.ActiveCfg = Release|Any CPU
		{8AC8AA5B-779B-4965-80B0-EE756C907F90}.Release|Any CPU.Build.0 = Release|Any CPU
	EndGlobalSection
	GlobalSection(SolutionProperties) = preSolution
		HideSolutionNode = FALSE
	EndGlobalSection
	GlobalSection(ExtensibilityGlobals) = postSolution
		SolutionGuid = {081B6B6B-79E2-4155-9925-7C9A13112131}
	EndGlobalSection
EndGlobal
